
Microsoft Visual Studio Solution File, Format Version 12.00
# Visual Studio Version 17
VisualStudioVersion = 17.11.35303.130
MinimumVisualStudioVersion = 10.0.40219.1
Project("{FAE04EC0-301F-11D3-BF4B-00C04F79EFBC}") = "MethodTwoParameters", "MethodTwoParameters\MethodTwoParameters.csproj", "{2161E228-DC43-4D27-9924-7B05E8DC6F8A}"
EndProject
Global
	GlobalSection(SolutionConfigurationPlatforms) = preSolution
		Debug|Any CPU = Debug|Any CPU
		Release|Any CPU = Release|Any CPU
	EndGlobalSection
	GlobalSection(ProjectConfigurationPlatforms) = postSolution
		{2161E228-DC43-4D27-9924-7B05E8DC6F8A}.Debug|Any CPU.ActiveCfg = Debug|Any CPU
		{2161E228-DC43-4D27-9924-7B05E8DC6F8A}.Debug|Any CPU.Build.0 = Debug|Any CPU
		{2161E228-DC43-4D27-9924-7B05E8DC6F8A}.Release|Any CPU.ActiveCfg = Release|Any CPU
		{2161E228-DC43-4D27-9924-7B05E8DC6F8A}.Release|Any CPU.Build.0 = Release|Any CPU
	EndGlobalSection
	GlobalSection(SolutionProperties) = preSolution
		HideSolutionNode = FALSE
	EndGlobalSection
	GlobalSection(ExtensibilityGlobals) = postSolution
		SolutionGuid = {92A0028B-E692-4BB1-87C1-A3C74D260F34}
	EndGlobalSection
EndGlobal
