
Microsoft Visual Studio Solution File, Format Version 12.00
# Visual Studio Version 17
VisualStudioVersion = 17.11.35303.130
MinimumVisualStudioVersion = 10.0.40219.1
Project("{FAE04EC0-301F-11D3-BF4B-00C04F79EFBC}") = "OperatorsSubmission", "OperatorsSubmission\OperatorsSubmission.csproj", "{2EC5A3F2-137D-4154-84BA-FB5A288127D3}"
EndProject
Global
	GlobalSection(SolutionConfigurationPlatforms) = preSolution
		Debug|Any CPU = Debug|Any CPU
		Release|Any CPU = Release|Any CPU
	EndGlobalSection
	GlobalSection(ProjectConfigurationPlatforms) = postSolution
		{2EC5A3F2-137D-4154-84BA-FB5A288127D3}.Debug|Any CPU.ActiveCfg = Debug|Any CPU
		{2EC5A3F2-137D-4154-84BA-FB5A288127D3}.Debug|Any CPU.Build.0 = Debug|Any CPU
		{2EC5A3F2-137D-4154-84BA-FB5A288127D3}.Release|Any CPU.ActiveCfg = Release|Any CPU
		{2EC5A3F2-137D-4154-84BA-FB5A288127D3}.Release|Any CPU.Build.0 = Release|Any CPU
	EndGlobalSection
	GlobalSection(SolutionProperties) = preSolution
		HideSolutionNode = FALSE
	EndGlobalSection
	GlobalSection(ExtensibilityGlobals) = postSolution
		SolutionGuid = {E51BBF92-1AA0-4EE4-9EF3-4CB40D850CA3}
	EndGlobalSection
EndGlobal
